<?xml version="1.0" encoding="utf-8"?>
<Project ToolsVersion="4.0" xmlns="http://schemas.microsoft.com/developer/msbuild/2003">
  <ItemGroup>
    <Filter Include="Source Files">
      <UniqueIdentifier>{4FC737F1-C7A5-4376-A066-2A32D752A2FF}</UniqueIdentifier>
      <Extensions>cpp;c;cc;cxx;c++;cppm;ixx;def;odl;idl;hpj;bat;asm;asmx</Extensions>
    </Filter>
    <Filter Include="Header Files">
      <UniqueIdentifier>{93995380-89BD-4b04-88EB-625FBE52EBFB}</UniqueIdentifier>
      <Extensions>h;hh;hpp;hxx;h++;hm;inl;inc;ipp;xsd</Extensions>
    </Filter>
    <Filter Include="Header Files\Data">
      <UniqueIdentifier>{1064e0b3-e9fb-4890-a2f8-ac4a8e62d690}</UniqueIdentifier>
    </Filter>
    <Filter Include="Header Files\FileIO">
      <UniqueIdentifier>{7d53d532-0808-4fc0-9349-5aefa0cd74f9}</UniqueIdentifier>
    </Filter>
    <Filter Include="Header Files\Display">
      <UniqueIdentifier>{f79452f5-652f-4540-aefa-d0265d5037a1}</UniqueIdentifier>
    </Filter>
    <Filter Include="Header Files\Display\FreeGlut">
      <UniqueIdentifier>{5511a030-5a55-4752-b7ff-8e5451c6bec6}</UniqueIdentifier>
    </Filter>
    <Filter Include="Header Files\Display\FreeGlut\Exceptions">
      <UniqueIdentifier>{29b56517-e213-45f0-b696-0c30df2f9782}</UniqueIdentifier>
    </Filter>
    <Filter Include="Header Files\FileIO\Exceptions">
      <UniqueIdentifier>{f4c4e47a-7adf-456a-b4dc-3f7a23b66ed1}</UniqueIdentifier>
    </Filter>
    <Filter Include="Header Files\Data\Exceptions">
      <UniqueIdentifier>{3fe5b708-8a2c-4b3f-9540-74357518ca92}</UniqueIdentifier>
    </Filter>
    <Filter Include="Source Files\Data">
      <UniqueIdentifier>{043881c6-2353-4ea3-a420-5c4cdb953202}</UniqueIdentifier>
    </Filter>
    <Filter Include="Source Files\FileIO">
      <UniqueIdentifier>{e982a516-97e0-4e59-ac03-4cfcec29a4d2}</UniqueIdentifier>
    </Filter>
    <Filter Include="Source Files\Display">
      <UniqueIdentifier>{1f7d19a9-1bb8-4927-ad77-74308c1319b9}</UniqueIdentifier>
    </Filter>
    <Filter Include="Source Files\Display\FreeGlut">
      <UniqueIdentifier>{29625466-9944-4b05-94fb-c560f1b40d4f}</UniqueIdentifier>
    </Filter>
    <Filter Include="Header Files\Display\FreeGlut\Enumerations">
      <UniqueIdentifier>{06910685-dfa6-4614-9d10-3d7235cc4430}</UniqueIdentifier>
    </Filter>
  </ItemGroup>
  <ItemGroup>
    <ClCompile Include="main.cpp">
      <Filter>Source Files</Filter>
    </ClCompile>
    <ClCompile Include="cell.cpp">
      <Filter>Source Files\Data</Filter>
    </ClCompile>
    <ClCompile Include="colour.cpp">
      <Filter>Source Files\Data</Filter>
    </ClCompile>
    <ClCompile Include="grid.cpp">
      <Filter>Source Files\Data</Filter>
    </ClCompile>
    <ClCompile Include="model.cpp">
      <Filter>Source Files\Data</Filter>
    </ClCompile>
    <ClCompile Include="colour_file.cpp">
      <Filter>Source Files\FileIO</Filter>
    </ClCompile>
    <ClCompile Include="initial_state_file.cpp">
      <Filter>Source Files\FileIO</Filter>
    </ClCompile>
    <ClCompile Include="glut_window.cpp">
      <Filter>Source Files\Display\FreeGlut</Filter>
    </ClCompile>
    <ClCompile Include="glut_model.cpp">
      <Filter>Source Files\Display\FreeGlut</Filter>
    </ClCompile>
    <ClCompile Include="square_model.cpp">
      <Filter>Source Files\Data</Filter>
    </ClCompile>
    <ClCompile Include="glut_colour.cpp">
      <Filter>Source Files\Display\FreeGlut</Filter>
    </ClCompile>
    <ClCompile Include="glut_camera.cpp">
      <Filter>Source Files\Display\FreeGlut</Filter>
    </ClCompile>
    <ClCompile Include="square_2d_view.cpp">
      <Filter>Source Files\Display\FreeGlut</Filter>
    </ClCompile>
  </ItemGroup>
  <ItemGroup>
    <ClInclude Include="cell.h">
      <Filter>Header Files\Data</Filter>
    </ClInclude>
    <ClInclude Include="grid.h">
      <Filter>Header Files\Data</Filter>
    </ClInclude>
    <ClInclude Include="colour.h">
      <Filter>Header Files\Data</Filter>
    </ClInclude>
    <ClInclude Include="model.h">
      <Filter>Header Files\Data</Filter>
    </ClInclude>
    <ClInclude Include="position.h">
      <Filter>Header Files\Data</Filter>
    </ClInclude>
    <ClInclude Include="colour_file.h">
      <Filter>Header Files\FileIO</Filter>
    </ClInclude>
    <ClInclude Include="initial_state_file.h">
      <Filter>Header Files\FileIO</Filter>
    </ClInclude>
    <ClInclude Include="glut_window.h">
      <Filter>Header Files\Display\FreeGlut</Filter>
    </ClInclude>
    <ClInclude Include="no_display_callback.h">
      <Filter>Header Files\Display\FreeGlut\Exceptions</Filter>
    </ClInclude>
    <ClInclude Include="non_positive_size.h">
      <Filter>Header Files\Display\FreeGlut\Exceptions</Filter>
    </ClInclude>
    <ClInclude Include="window_already_created.h">
      <Filter>Header Files\Display\FreeGlut\Exceptions</Filter>
    </ClInclude>
    <ClInclude Include="window_already_destroyed.h">
      <Filter>Header Files\Display\FreeGlut\Exceptions</Filter>
    </ClInclude>
    <ClInclude Include="invalid_parent_id.h">
      <Filter>Header Files\Display\FreeGlut\Exceptions</Filter>
    </ClInclude>
    <ClInclude Include="cell_component_format_mismatch.h">
      <Filter>Header Files\FileIO\Exceptions</Filter>
    </ClInclude>
    <ClInclude Include="colour_component_format_mismatch.h">
      <Filter>Header Files\FileIO\Exceptions</Filter>
    </ClInclude>
    <ClInclude Include="file_not_readable.h">
      <Filter>Header Files\FileIO\Exceptions</Filter>
    </ClInclude>
    <ClInclude Include="file_not_writable.h">
      <Filter>Header Files\FileIO\Exceptions</Filter>
    </ClInclude>
    <ClInclude Include="position_component_format_mismatch.h">
      <Filter>Header Files\FileIO\Exceptions</Filter>
    </ClInclude>
    <ClInclude Include="unexpected_extension.h">
      <Filter>Header Files\FileIO\Exceptions</Filter>
    </ClInclude>
    <ClInclude Include="unrecognised_component_suffix.h">
      <Filter>Header Files\FileIO\Exceptions</Filter>
    </ClInclude>
    <ClInclude Include="non_normal_colour_component.h">
      <Filter>Header Files\Data\Exceptions</Filter>
    </ClInclude>
    <ClInclude Include="out_of_bounds.h">
      <Filter>Header Files\Data\Exceptions</Filter>
    </ClInclude>
    <ClInclude Include="too_few_vertices_in_face.h">
      <Filter>Header Files\Data\Exceptions</Filter>
    </ClInclude>
    <ClInclude Include="vertex_index_out_of_range.h">
      <Filter>Header Files\Data\Exceptions</Filter>
    </ClInclude>
    <ClInclude Include="glut_model.h">
      <Filter>Header Files\Display\FreeGlut</Filter>
    </ClInclude>
    <ClInclude Include="display_list_already_destroyed.h">
      <Filter>Header Files\Display\FreeGlut\Exceptions</Filter>
    </ClInclude>
    <ClInclude Include="display_list_not_exist.h">
      <Filter>Header Files\Display\FreeGlut\Exceptions</Filter>
    </ClInclude>
    <ClInclude Include="display_list_already_created.h">
      <Filter>Header Files\Display\FreeGlut\Exceptions</Filter>
    </ClInclude>
    <ClInclude Include="square_model.h">
      <Filter>Header Files\Data</Filter>
    </ClInclude>
    <ClInclude Include="glut_colour.h">
      <Filter>Header Files\Display\FreeGlut</Filter>
    </ClInclude>
    <ClInclude Include="glut_camera.h">
      <Filter>Header Files\Display\FreeGlut</Filter>
    </ClInclude>
    <ClInclude Include="divide_by_zero.h">
      <Filter>Header Files\Data\Exceptions</Filter>
    </ClInclude>
    <ClInclude Include="non_positive_zoom_factor.h">
      <Filter>Header Files\Display\FreeGlut\Exceptions</Filter>
    </ClInclude>
    <ClInclude Include="square_2d_view.h">
      <Filter>Header Files\Display\FreeGlut</Filter>
    </ClInclude>
    <ClInclude Include="glut_button_states.h">
      <Filter>Header Files\Display\FreeGlut\Enumerations</Filter>
    </ClInclude>
    <ClInclude Include="glut_display_modes.h">
      <Filter>Header Files\Display\FreeGlut\Enumerations</Filter>
    </ClInclude>
    <ClInclude Include="glut_mouse_buttons.h">
      <Filter>Header Files\Display\FreeGlut\Enumerations</Filter>
    </ClInclude>
    <ClInclude Include="glut_mouse_entry_states.h">
      <Filter>Header Files\Display\FreeGlut\Enumerations</Filter>
    </ClInclude>
    <ClInclude Include="glut_special_keys.h">
      <Filter>Header Files\Display\FreeGlut\Enumerations</Filter>
    </ClInclude>
    <ClInclude Include="glut_visibility_states.h">
      <Filter>Header Files\Display\FreeGlut\Enumerations</Filter>
    </ClInclude>
  </ItemGroup>
</Project>