<?xml version="1.0" encoding="UTF-8" standalone="yes" ?>
<CodeBlocks_project_file>
	<FileVersion major="1" minor="6" />
	<Project>
		<Option title="Cellular Automata" />
		<Option compiler="gcc" />
		<Option extended_obj_names="1" />
		<Build>
			<Target title="Debug">
				<Option output="./Builds/Debug/Cellular Automata" prefix_auto="1" extension_auto="1" />
				<Option working_dir="Builds/Debug" />
				<Option object_output="Builds/Debug/" />
				<Option deps_output="./Debug/" />
				<Option type="1" />
				<Option compiler="gcc" />
				<Compiler>
					<Add option="-Wall" />
					<Add option="-g" />
					<Add option="-DWIN32" />
					<Add option="-D_DEBUG" />
					<Add option="-D_CONSOLE" />
				</Compiler>
				<Linker>
					<Add directory="dependencies/freeglut_x86-windows/lib/" />
					<Add directory="dependencies/freeglut_x86-windows/debug/lib/" />
					<Add directory="$(LibraryPath)/" />
				</Linker>
			</Target>
			<Target title="Release">
				<Option output="./Builds/Release/Cellular Automata" prefix_auto="1" extension_auto="1" />
				<Option working_dir="Builds/Release" />
				<Option object_output="Builds/Release/" />
				<Option deps_output="./Release/" />
				<Option type="0" />
				<Option compiler="gcc" />
				<Compiler>
					<Add option="-Wall" />
					<Add option="-DWIN32" />
					<Add option="-DNDEBUG" />
					<Add option="-D_CONSOLE" />
				</Compiler>
				<Linker>
					<Add directory="dependencies/freeglut_x86-windows/lib/" />
					<Add directory="dependencies/freeglut_x86-windows/debug/lib/" />
					<Add directory="$(LibraryPath)/" />
				</Linker>
			</Target>
			<Target title="Test">
				<Option output="./Builds/Test/Celluar Automata" prefix_auto="1" extension_auto="1" />
				<Option working_dir="Builds/Test" />
				<Option object_output="Builds/Test/" />
				<Option type="1" />
				<Option compiler="gcc" />
			</Target>
		</Build>
		<Compiler>
			<Add directory="Libraries/SDL2-2.0.16/i686-w64-mingw32/include" />
		</Compiler>
		<Linker>
			<Add library="Libraries\SDL2-2.0.16\i686-w64-mingw32\lib\libSDL2.dll.a" />
			<Add library="Libraries\SDL2-2.0.16\i686-w64-mingw32\lib\libSDL2main.a" />
			<Add directory="Libraries/SDL2-2.0.16/i686-w64-mingw32/lib" />
		</Linker>
		<ExtraCommands>
			<Add before='$CMD_CP &quot;$TO_NATIVE_PATH{$(PROJECT_DIR)/Libraries/SDL2-2.0.16/i686-w64-mingw32/bin/SDL2.dll}&quot; &quot;$TO_NATIVE_PATH{$(PROJECT_DIR)/$(TARGET_OUTPUT_DIR)}&quot;' />
		</ExtraCommands>
		<Unit filename="Source/Data/bounds.hpp" />
		<Unit filename="Source/Data/bounds_position.hpp" />
		<Unit filename="Source/Data/cell.cpp" />
		<Unit filename="Source/Data/cell.hpp" />
		<Unit filename="Source/Data/cell_state.cpp" />
		<Unit filename="Source/Data/cell_state.hpp" />
		<Unit filename="Source/Data/colour.cpp" />
		<Unit filename="Source/Data/colour.hpp" />
		<Unit filename="Source/Data/colour_table.cpp" />
		<Unit filename="Source/Data/colour_table.hpp" />
		<Unit filename="Source/Data/grid.cpp" />
		<Unit filename="Source/Data/grid.hpp" />
		<Unit filename="Source/Data/position.hpp" />
		<Unit filename="Source/FileIO/colour_table_csv_loader.cpp" />
		<Unit filename="Source/FileIO/colour_table_csv_loader.hpp" />
		<Unit filename="Source/FileIO/csv_loader.hpp" />
		<Unit filename="Source/FileIO/file_loader.hpp" />
		<Unit filename="Source/FileIO/grid_csv_loader.cpp" />
		<Unit filename="Source/FileIO/grid_csv_loader.hpp" />
		<Unit filename="Source/SDL/Events/event.cpp" />
		<Unit filename="Source/SDL/Events/event.hpp" />
		<Unit filename="Source/SDL/Events/event_queue.cpp" />
		<Unit filename="Source/SDL/Events/event_queue.hpp" />
		<Unit filename="Source/SDL/Events/keyboard_event.cpp" />
		<Unit filename="Source/SDL/Events/keyboard_event.hpp" />
		<Unit filename="Source/SDL/Events/mouse_button_event.cpp" />
		<Unit filename="Source/SDL/Events/mouse_button_event.hpp" />
		<Unit filename="Source/SDL/Events/quit_event.cpp" />
		<Unit filename="Source/SDL/Events/quit_event.hpp" />
		<Unit filename="Source/SDL/Video/window.cpp" />
		<Unit filename="Source/SDL/Video/window.hpp" />
		<Unit filename="Source/main.cpp">
			<Option target="Debug" />
			<Option target="Release" />
		</Unit>
		<Unit filename="Testing/Tests/data_bounds_position_float_tests.cpp">
			<Option target="Test" />
		</Unit>
		<Unit filename="Testing/Tests/data_bounds_position_float_tests.hpp">
			<Option target="Test" />
		</Unit>
		<Unit filename="Testing/Tests/data_bounds_position_int_tests.cpp">
			<Option target="Test" />
		</Unit>
		<Unit filename="Testing/Tests/data_bounds_position_int_tests.hpp">
			<Option target="Test" />
		</Unit>
		<Unit filename="Testing/Tests/data_cell_state_tests.cpp">
			<Option target="Test" />
		</Unit>
		<Unit filename="Testing/Tests/data_cell_state_tests.hpp">
			<Option target="Test" />
		</Unit>
		<Unit filename="Testing/Tests/data_cell_tests.cpp">
			<Option target="Test" />
		</Unit>
		<Unit filename="Testing/Tests/data_cell_tests.hpp">
			<Option target="Test" />
		</Unit>
		<Unit filename="Testing/Tests/data_colour_table_tests.cpp">
			<Option target="Test" />
		</Unit>
		<Unit filename="Testing/Tests/data_colour_table_tests.hpp">
			<Option target="Test" />
		</Unit>
		<Unit filename="Testing/Tests/data_colour_tests.cpp">
			<Option target="Test" />
		</Unit>
		<Unit filename="Testing/Tests/data_colour_tests.hpp">
			<Option target="Test" />
		</Unit>
		<Unit filename="Testing/Tests/data_grid_tests.cpp">
			<Option target="Test" />
		</Unit>
		<Unit filename="Testing/Tests/data_grid_tests.hpp">
			<Option target="Test" />
		</Unit>
		<Unit filename="Testing/Tests/data_position_float_tests.cpp">
			<Option target="Test" />
		</Unit>
		<Unit filename="Testing/Tests/data_position_float_tests.hpp">
			<Option target="Test" />
		</Unit>
		<Unit filename="Testing/Tests/data_position_int_tests.cpp">
			<Option target="Test" />
		</Unit>
		<Unit filename="Testing/Tests/data_position_int_tests.hpp">
			<Option target="Test" />
		</Unit>
		<Unit filename="Testing/Tests/fileio_colour_table_csv_loader_tests.cpp">
			<Option target="Test" />
		</Unit>
		<Unit filename="Testing/Tests/fileio_colour_table_csv_loader_tests.hpp">
			<Option target="Test" />
		</Unit>
		<Unit filename="Testing/Tests/fileio_grid_csv_loader_tests.cpp">
			<Option target="Test" />
		</Unit>
		<Unit filename="Testing/Tests/fileio_grid_csv_loader_tests.hpp">
			<Option target="Test" />
		</Unit>
		<Unit filename="Testing/Tests/sdl_events_event_queue_tests.cpp">
			<Option target="Test" />
		</Unit>
		<Unit filename="Testing/Tests/sdl_events_event_queue_tests.hpp">
			<Option target="Test" />
		</Unit>
		<Unit filename="Testing/Tests/sdl_events_event_tests.cpp">
			<Option target="Test" />
		</Unit>
		<Unit filename="Testing/Tests/sdl_events_event_tests.hpp">
			<Option target="Test" />
		</Unit>
		<Unit filename="Testing/Tests/sdl_events_keyboard_event_tests.cpp">
			<Option target="Test" />
		</Unit>
		<Unit filename="Testing/Tests/sdl_events_keyboard_event_tests.hpp">
			<Option target="Test" />
		</Unit>
		<Unit filename="Testing/Tests/sdl_events_mouse_button_event_tests.cpp">
			<Option target="Test" />
		</Unit>
		<Unit filename="Testing/Tests/sdl_events_mouse_button_event_tests.hpp">
			<Option target="Test" />
		</Unit>
		<Unit filename="Testing/Tests/sdl_events_quit_event_tests.cpp">
			<Option target="Test" />
		</Unit>
		<Unit filename="Testing/Tests/sdl_events_quit_event_tests.hpp">
			<Option target="Test" />
		</Unit>
		<Unit filename="Testing/Tests/sdl_window_tests.cpp">
			<Option target="Test" />
		</Unit>
		<Unit filename="Testing/Tests/sdl_window_tests.hpp">
			<Option target="Test" />
		</Unit>
		<Unit filename="Testing/assertion.cpp">
			<Option target="Test" />
		</Unit>
		<Unit filename="Testing/assertion.hpp">
			<Option target="Test" />
		</Unit>
		<Unit filename="Testing/main.cpp">
			<Option target="Test" />
		</Unit>
		<Unit filename="Testing/test_factory.cpp">
			<Option target="Test" />
		</Unit>
		<Unit filename="Testing/test_factory.hpp">
			<Option target="Test" />
		</Unit>
		<Unit filename="Testing/test_manager.cpp">
			<Option target="Test" />
		</Unit>
		<Unit filename="Testing/test_manager.hpp">
			<Option target="Test" />
		</Unit>
		<Unit filename="Testing/test_status.hpp">
			<Option target="Test" />
		</Unit>
		<Unit filename="Testing/unit_test.cpp">
			<Option target="Test" />
		</Unit>
		<Unit filename="Testing/unit_test.hpp">
			<Option target="Test" />
		</Unit>
		<Extensions>
			<code_completion />
			<envvars />
			<debugger />
		</Extensions>
	</Project>
</CodeBlocks_project_file>
