<?xml version="1.0" encoding="UTF-8" standalone="yes" ?>
<CodeBlocks_project_file>
	<FileVersion major="1" minor="6" />
	<Project>
		<Option title="Cellular Automata" />
		<Option pch_mode="2" />
		<Option compiler="gcc" />
		<Build>
			<Target title="Debug">
				<Option output="./Builds/Debug/Cellular Automata" prefix_auto="1" extension_auto="1" />
				<Option object_output="Builds/Debug/" />
				<Option deps_output="./Debug/" />
				<Option type="1" />
				<Option compiler="gcc" />
				<Compiler>
					<Add option="-g" />
					<Add option="-DWIN32" />
					<Add option="-D_DEBUG" />
					<Add option="-D_CONSOLE" />
					<Add option="-Wall" />
					<Add directory="dependencies/freeglut_x86-windows/include/" />
					<Add directory="$(IncludePath)/" />
				</Compiler>
				<Linker>
					<Add library="winmm.lib" />
					<Add library="comctl32.lib" />
					<Add library="kernel32.lib" />
					<Add library="user32.lib" />
					<Add library="gdi32.lib" />
					<Add library="winspool.lib" />
					<Add library="comdlg32.lib" />
					<Add library="advapi32.lib" />
					<Add library="shell32.lib" />
					<Add library="ole32.lib" />
					<Add library="oleaut32.lib" />
					<Add library="uuid.lib" />
					<Add library="odbc32.lib" />
					<Add library="odbccp32.lib" />
					<Add directory="dependencies/freeglut_x86-windows/lib/" />
					<Add directory="dependencies/freeglut_x86-windows/debug/lib/" />
					<Add directory="$(LibraryPath)/" />
				</Linker>
			</Target>
			<Target title="Release">
				<Option output="./Builds/Release/Cellular Automata" prefix_auto="1" extension_auto="1" />
				<Option object_output="Builds/Release/" />
				<Option deps_output="./Release/" />
				<Option type="0" />
				<Option compiler="gcc" />
				<Compiler>
					<Add option="-DWIN32" />
					<Add option="-DNDEBUG" />
					<Add option="-D_CONSOLE" />
					<Add option="-Wall" />
					<Add directory="dependencies/freeglut_x86-windows/include/" />
					<Add directory="$(IncludePath)/" />
				</Compiler>
				<Linker>
					<Add library="winmm.lib" />
					<Add library="comctl32.lib" />
					<Add library="kernel32.lib" />
					<Add library="user32.lib" />
					<Add library="gdi32.lib" />
					<Add library="winspool.lib" />
					<Add library="comdlg32.lib" />
					<Add library="advapi32.lib" />
					<Add library="shell32.lib" />
					<Add library="ole32.lib" />
					<Add library="oleaut32.lib" />
					<Add library="uuid.lib" />
					<Add library="odbc32.lib" />
					<Add library="odbccp32.lib" />
					<Add directory="dependencies/freeglut_x86-windows/lib/" />
					<Add directory="dependencies/freeglut_x86-windows/debug/lib/" />
					<Add directory="$(LibraryPath)/" />
				</Linker>
			</Target>
			<Target title="Test">
				<Option output="./Builds/Test/Celluar Automata" prefix_auto="1" extension_auto="1" />
				<Option object_output="Builds/Test/" />
				<Option type="1" />
				<Option compiler="gcc" />
			</Target>
		</Build>
		<Unit filename="Source/Data/bounds.hpp" />
		<Unit filename="Source/Data/cell.cpp" />
		<Unit filename="Source/Data/cell.hpp" />
		<Unit filename="Source/Data/cell_state.cpp" />
		<Unit filename="Source/Data/cell_state.hpp" />
		<Unit filename="Source/Data/colour.cpp" />
		<Unit filename="Source/Data/colour.hpp" />
		<Unit filename="Source/Data/grid.cpp" />
		<Unit filename="Source/Data/grid.hpp" />
		<Unit filename="Source/Data/position.hpp" />
		<Unit filename="Source/FileIO/colour_table_csv_loader.cpp" />
		<Unit filename="Source/FileIO/colour_table_csv_loader.hpp" />
		<Unit filename="Source/FileIO/csv_loader.hpp" />
		<Unit filename="Source/FileIO/file_loader.hpp" />
		<Unit filename="Source/FileIO/grid_csv_loader.cpp" />
		<Unit filename="Source/FileIO/grid_csv_loader.hpp" />
		<Unit filename="Source/FileIO/rule_file.cpp" />
		<Unit filename="Source/FileIO/rule_file.h" />
		<Unit filename="Source/main.cpp">
			<Option target="Debug" />
			<Option target="Release" />
		</Unit>
		<Unit filename="Testing/Tests/data_bounds_tests.cpp">
			<Option target="Test" />
		</Unit>
		<Unit filename="Testing/Tests/data_bounds_tests.hpp">
			<Option target="Test" />
		</Unit>
		<Unit filename="Testing/Tests/data_cell_state_tests.cpp">
			<Option target="Test" />
		</Unit>
		<Unit filename="Testing/Tests/data_cell_state_tests.hpp">
			<Option target="Test" />
		</Unit>
		<Unit filename="Testing/Tests/data_cell_tests.cpp">
			<Option target="Test" />
		</Unit>
		<Unit filename="Testing/Tests/data_cell_tests.hpp">
			<Option target="Test" />
		</Unit>
		<Unit filename="Testing/Tests/data_colour_tests.cpp">
			<Option target="Test" />
		</Unit>
		<Unit filename="Testing/Tests/data_colour_tests.hpp">
			<Option target="Test" />
		</Unit>
		<Unit filename="Testing/Tests/data_grid_tests.cpp">
			<Option target="Test" />
		</Unit>
		<Unit filename="Testing/Tests/data_grid_tests.hpp">
			<Option target="Test" />
		</Unit>
		<Unit filename="Testing/Tests/data_position_tests.cpp">
			<Option target="Test" />
		</Unit>
		<Unit filename="Testing/Tests/data_position_tests.hpp">
			<Option target="Test" />
		</Unit>
		<Unit filename="Testing/Tests/fileio_grid_csv_loader_tests.cpp">
			<Option target="Test" />
		</Unit>
		<Unit filename="Testing/Tests/fileio_grid_csv_loader_tests.hpp">
			<Option target="Test" />
		</Unit>
		<Unit filename="Testing/assertion.cpp">
			<Option target="Test" />
		</Unit>
		<Unit filename="Testing/assertion.hpp">
			<Option target="Test" />
		</Unit>
		<Unit filename="Testing/main.cpp">
			<Option target="Test" />
		</Unit>
		<Unit filename="Testing/test_factory.cpp">
			<Option target="Test" />
		</Unit>
		<Unit filename="Testing/test_factory.hpp">
			<Option target="Test" />
		</Unit>
		<Unit filename="Testing/test_manager.cpp">
			<Option target="Test" />
		</Unit>
		<Unit filename="Testing/test_manager.hpp">
			<Option target="Test" />
		</Unit>
		<Unit filename="Testing/test_status.hpp">
			<Option target="Test" />
		</Unit>
		<Unit filename="Testing/unit_test.cpp">
			<Option target="Test" />
		</Unit>
		<Unit filename="Testing/unit_test.hpp">
			<Option target="Test" />
		</Unit>
		<Extensions>
			<code_completion />
			<envvars />
			<debugger />
		</Extensions>
	</Project>
</CodeBlocks_project_file>
